{
  "name": "daily-coding",
  "version": "1.0.0",
  "lockfileVersion": 2,
  "requires": true,
  "packages": {
    "": {
      "name": "daily-coding",
      "version": "1.0.0",
      "license": "ISC",
      "dependencies": {
        "chrome-devtools-frontend": "^1.0.1070764"
      }
    },
    "node_modules/chrome-devtools-frontend": {
      "version": "1.0.1070764",
      "resolved": "https://registry.npmjs.org/chrome-devtools-frontend/-/chrome-devtools-frontend-1.0.1070764.tgz",
      "integrity": "sha512-MJCZgLZlKgIpE+gemtc1a9ejPopTA2Rj1iEdRnxl8YON7V13Po4W1vKo+YrVcqUbNpVAaQ5NnZLQQOmnIRTXZg=="
    }
  },
  "dependencies": {
    "chrome-devtools-frontend": {
      "version": "1.0.1070764",
      "resolved": "https://registry.npmjs.org/chrome-devtools-frontend/-/chrome-devtools-frontend-1.0.1070764.tgz",
      "integrity": "sha512-MJCZgLZlKgIpE+gemtc1a9ejPopTA2Rj1iEdRnxl8YON7V13Po4W1vKo+YrVcqUbNpVAaQ5NnZLQQOmnIRTXZg=="
    }
  }
}
