{
  "name": "cdp",
  "version": "1.0.0",
  "lockfileVersion": 2,
  "requires": true,
  "packages": {
    "": {
      "name": "cdp",
      "version": "1.0.0",
      "license": "ISC",
      "dependencies": {
        "chrome-devtools-frontend": "^1.0.672485",
        "ws": "^8.13.0"
      }
    },
    "node_modules/chrome-devtools-frontend": {
      "version": "1.0.672485",
      "resolved": "https://registry.npmjs.org/chrome-devtools-frontend/-/chrome-devtools-frontend-1.0.672485.tgz",
      "integrity": "sha512-NV0mv1WGrO0qsNY52DNTfHMVWkb4C8G8hjcW029xNhIdoexBwn1k+tkYcU1S9uJjcsETv9alcmiHZdhe/iWGNQ=="
    },
    "node_modules/ws": {
      "version": "8.13.0",
      "resolved": "https://registry.npmjs.org/ws/-/ws-8.13.0.tgz",
      "integrity": "sha512-x9vcZYTrFPC7aSIbj7sRCYo7L/Xb8Iy+pW0ng0wt2vCJv7M9HOMy0UoN3rr+IFC7hb7vXoqS+P9ktyLLLhO+LA==",
      "engines": {
        "node": ">=10.0.0"
      },
      "peerDependencies": {
        "bufferutil": "^4.0.1",
        "utf-8-validate": ">=5.0.2"
      },
      "peerDependenciesMeta": {
        "bufferutil": {
          "optional": true
        },
        "utf-8-validate": {
          "optional": true
        }
      }
    }
  },
  "dependencies": {
    "chrome-devtools-frontend": {
      "version": "1.0.672485",
      "resolved": "https://registry.npmjs.org/chrome-devtools-frontend/-/chrome-devtools-frontend-1.0.672485.tgz",
      "integrity": "sha512-NV0mv1WGrO0qsNY52DNTfHMVWkb4C8G8hjcW029xNhIdoexBwn1k+tkYcU1S9uJjcsETv9alcmiHZdhe/iWGNQ=="
    },
    "ws": {
      "version": "8.13.0",
      "resolved": "https://registry.npmjs.org/ws/-/ws-8.13.0.tgz",
      "integrity": "sha512-x9vcZYTrFPC7aSIbj7sRCYo7L/Xb8Iy+pW0ng0wt2vCJv7M9HOMy0UoN3rr+IFC7hb7vXoqS+P9ktyLLLhO+LA==",
      "requires": {}
    }
  }
}
